{
	"name": "@wwwr/store",
	"version": "8.1.1",
	"lockfileVersion": 2,
	"requires": true,
	"packages": {
		"": {
			"name": "@wwwr/store",
			"version": "8.1.1",
			"dependencies": {
				"@ethersproject/address": "^5.4.0"
			},
			"peerDependencies": {
				"zustand": "^3.5.10"
			}
		},
		"node_modules/@ethersproject/address": {
			"version": "5.5.0",
			"resolved": "https://registry.npmjs.org/@ethersproject/address/-/address-5.5.0.tgz",
			"integrity": "sha512-l4Nj0eWlTUh6ro5IbPTgbpT4wRbdH5l8CQf7icF7sb/SI3Nhd9Y9HzhonTSTi6CefI0necIw7LJqQPopPLZyWw==",
			"funding": [
				{
					"type": "individual",
					"url": "https://gitcoin.co/grants/13/ethersjs-complete-simple-and-tiny-2"
				},
				{
					"type": "individual",
					"url": "https://www.buymeacoffee.com/ricmoo"
				}
			],
			"dependencies": {
				"@ethersproject/bignumber": "^5.5.0",
				"@ethersproject/bytes": "^5.5.0",
				"@ethersproject/keccak256": "^5.5.0",
				"@ethersproject/logger": "^5.5.0",
				"@ethersproject/rlp": "^5.5.0"
			}
		},
		"node_modules/@ethersproject/bignumber": {
			"version": "5.5.0",
			"resolved": "https://registry.npmjs.org/@ethersproject/bignumber/-/bignumber-5.5.0.tgz",
			"integrity": "sha512-6Xytlwvy6Rn3U3gKEc1vP7nR92frHkv6wtVr95LFR3jREXiCPzdWxKQ1cx4JGQBXxcguAwjA8murlYN2TSiEbg==",
			"funding": [
				{
					"type": "individual",
					"url": "https://gitcoin.co/grants/13/ethersjs-complete-simple-and-tiny-2"
				},
				{
					"type": "individual",
					"url": "https://www.buymeacoffee.com/ricmoo"
				}
			],
			"dependencies": {
				"@ethersproject/bytes": "^5.5.0",
				"@ethersproject/logger": "^5.5.0",
				"bn.js": "^4.11.9"
			}
		},
		"node_modules/@ethersproject/bytes": {
			"version": "5.5.0",
			"resolved": "https://registry.npmjs.org/@ethersproject/bytes/-/bytes-5.5.0.tgz",
			"integrity": "sha512-ABvc7BHWhZU9PNM/tANm/Qx4ostPGadAuQzWTr3doklZOhDlmcBqclrQe/ZXUIj3K8wC28oYeuRa+A37tX9kog==",
			"funding": [
				{
					"type": "individual",
					"url": "https://gitcoin.co/grants/13/ethersjs-complete-simple-and-tiny-2"
				},
				{
					"type": "individual",
					"url": "https://www.buymeacoffee.com/ricmoo"
				}
			],
			"dependencies": {
				"@ethersproject/logger": "^5.5.0"
			}
		},
		"node_modules/@ethersproject/keccak256": {
			"version": "5.5.0",
			"resolved": "https://registry.npmjs.org/@ethersproject/keccak256/-/keccak256-5.5.0.tgz",
			"integrity": "sha512-5VoFCTjo2rYbBe1l2f4mccaRFN/4VQEYFwwn04aJV2h7qf4ZvI2wFxUE1XOX+snbwCLRzIeikOqtAoPwMza9kg==",
			"funding": [
				{
					"type": "individual",
					"url": "https://gitcoin.co/grants/13/ethersjs-complete-simple-and-tiny-2"
				},
				{
					"type": "individual",
					"url": "https://www.buymeacoffee.com/ricmoo"
				}
			],
			"dependencies": {
				"@ethersproject/bytes": "^5.5.0",
				"js-sha3": "0.8.0"
			}
		},
		"node_modules/@ethersproject/logger": {
			"version": "5.5.0",
			"resolved": "https://registry.npmjs.org/@ethersproject/logger/-/logger-5.5.0.tgz",
			"integrity": "sha512-rIY/6WPm7T8n3qS2vuHTUBPdXHl+rGxWxW5okDfo9J4Z0+gRRZT0msvUdIJkE4/HS29GUMziwGaaKO2bWONBrg==",
			"funding": [
				{
					"type": "individual",
					"url": "https://gitcoin.co/grants/13/ethersjs-complete-simple-and-tiny-2"
				},
				{
					"type": "individual",
					"url": "https://www.buymeacoffee.com/ricmoo"
				}
			]
		},
		"node_modules/@ethersproject/rlp": {
			"version": "5.5.0",
			"resolved": "https://registry.npmjs.org/@ethersproject/rlp/-/rlp-5.5.0.tgz",
			"integrity": "sha512-hLv8XaQ8PTI9g2RHoQGf/WSxBfTB/NudRacbzdxmst5VHAqd1sMibWG7SENzT5Dj3yZ3kJYx+WiRYEcQTAkcYA==",
			"funding": [
				{
					"type": "individual",
					"url": "https://gitcoin.co/grants/13/ethersjs-complete-simple-and-tiny-2"
				},
				{
					"type": "individual",
					"url": "https://www.buymeacoffee.com/ricmoo"
				}
			],
			"dependencies": {
				"@ethersproject/bytes": "^5.5.0",
				"@ethersproject/logger": "^5.5.0"
			}
		},
		"node_modules/bn.js": {
			"version": "4.12.0",
			"resolved": "https://registry.npmjs.org/bn.js/-/bn.js-4.12.0.tgz",
			"integrity": "sha512-c98Bf3tPniI+scsdk237ku1Dc3ujXQTSgyiPUDEOe7tRkhrqridvh8klBv0HCEso1OLOYcHuCv/cS6DNxKH+ZA=="
		},
		"node_modules/js-sha3": {
			"version": "0.8.0",
			"resolved": "https://registry.npmjs.org/js-sha3/-/js-sha3-0.8.0.tgz",
			"integrity": "sha512-gF1cRrHhIzNfToc802P800N8PpXS+evLLXfsVpowqmAFR9uwbi89WvXg2QspOmXL8QL86J4T1EpFu+yUkwJY3Q=="
		},
		"node_modules/zustand": {
			"version": "3.6.7",
			"resolved": "https://registry.npmjs.org/zustand/-/zustand-3.6.7.tgz",
			"integrity": "sha512-bYWKXMfoJwZyliFgidcQ3tJC/F2f2hHq1+lhTk8dVPX2k28i4VnpnKjBGNxAd2QNliV0m455Vm+gDL8LShrV3g==",
			"peer": true,
			"engines": {
				"node": ">=12.7.0"
			},
			"peerDependencies": {
				"react": ">=16.8"
			},
			"peerDependenciesMeta": {
				"react": {
					"optional": true
				}
			}
		}
	},
	"dependencies": {
		"@ethersproject/address": {
			"version": "5.5.0",
			"resolved": "https://registry.npmjs.org/@ethersproject/address/-/address-5.5.0.tgz",
			"integrity": "sha512-l4Nj0eWlTUh6ro5IbPTgbpT4wRbdH5l8CQf7icF7sb/SI3Nhd9Y9HzhonTSTi6CefI0necIw7LJqQPopPLZyWw==",
			"requires": {
				"@ethersproject/bignumber": "^5.5.0",
				"@ethersproject/bytes": "^5.5.0",
				"@ethersproject/keccak256": "^5.5.0",
				"@ethersproject/logger": "^5.5.0",
				"@ethersproject/rlp": "^5.5.0"
			}
		},
		"@ethersproject/bignumber": {
			"version": "5.5.0",
			"resolved": "https://registry.npmjs.org/@ethersproject/bignumber/-/bignumber-5.5.0.tgz",
			"integrity": "sha512-6Xytlwvy6Rn3U3gKEc1vP7nR92frHkv6wtVr95LFR3jREXiCPzdWxKQ1cx4JGQBXxcguAwjA8murlYN2TSiEbg==",
			"requires": {
				"@ethersproject/bytes": "^5.5.0",
				"@ethersproject/logger": "^5.5.0",
				"bn.js": "^4.11.9"
			}
		},
		"@ethersproject/bytes": {
			"version": "5.5.0",
			"resolved": "https://registry.npmjs.org/@ethersproject/bytes/-/bytes-5.5.0.tgz",
			"integrity": "sha512-ABvc7BHWhZU9PNM/tANm/Qx4ostPGadAuQzWTr3doklZOhDlmcBqclrQe/ZXUIj3K8wC28oYeuRa+A37tX9kog==",
			"requires": {
				"@ethersproject/logger": "^5.5.0"
			}
		},
		"@ethersproject/keccak256": {
			"version": "5.5.0",
			"resolved": "https://registry.npmjs.org/@ethersproject/keccak256/-/keccak256-5.5.0.tgz",
			"integrity": "sha512-5VoFCTjo2rYbBe1l2f4mccaRFN/4VQEYFwwn04aJV2h7qf4ZvI2wFxUE1XOX+snbwCLRzIeikOqtAoPwMza9kg==",
			"requires": {
				"@ethersproject/bytes": "^5.5.0",
				"js-sha3": "0.8.0"
			}
		},
		"@ethersproject/logger": {
			"version": "5.5.0",
			"resolved": "https://registry.npmjs.org/@ethersproject/logger/-/logger-5.5.0.tgz",
			"integrity": "sha512-rIY/6WPm7T8n3qS2vuHTUBPdXHl+rGxWxW5okDfo9J4Z0+gRRZT0msvUdIJkE4/HS29GUMziwGaaKO2bWONBrg=="
		},
		"@ethersproject/rlp": {
			"version": "5.5.0",
			"resolved": "https://registry.npmjs.org/@ethersproject/rlp/-/rlp-5.5.0.tgz",
			"integrity": "sha512-hLv8XaQ8PTI9g2RHoQGf/WSxBfTB/NudRacbzdxmst5VHAqd1sMibWG7SENzT5Dj3yZ3kJYx+WiRYEcQTAkcYA==",
			"requires": {
				"@ethersproject/bytes": "^5.5.0",
				"@ethersproject/logger": "^5.5.0"
			}
		},
		"bn.js": {
			"version": "4.12.0",
			"resolved": "https://registry.npmjs.org/bn.js/-/bn.js-4.12.0.tgz",
			"integrity": "sha512-c98Bf3tPniI+scsdk237ku1Dc3ujXQTSgyiPUDEOe7tRkhrqridvh8klBv0HCEso1OLOYcHuCv/cS6DNxKH+ZA=="
		},
		"js-sha3": {
			"version": "0.8.0",
			"resolved": "https://registry.npmjs.org/js-sha3/-/js-sha3-0.8.0.tgz",
			"integrity": "sha512-gF1cRrHhIzNfToc802P800N8PpXS+evLLXfsVpowqmAFR9uwbi89WvXg2QspOmXL8QL86J4T1EpFu+yUkwJY3Q=="
		},
		"zustand": {
			"version": "3.6.7",
			"resolved": "https://registry.npmjs.org/zustand/-/zustand-3.6.7.tgz",
			"integrity": "sha512-bYWKXMfoJwZyliFgidcQ3tJC/F2f2hHq1+lhTk8dVPX2k28i4VnpnKjBGNxAd2QNliV0m455Vm+gDL8LShrV3g==",
			"peer": true,
			"requires": {}
		}
	}
}
