# THIS IS AN AUTOGENERATED FILE. DO NOT EDIT THIS FILE DIRECTLY.
# yarn lockfile v1


"@rollup/pluginutils@^4.1.2":
  "integrity" "sha512-ROn4qvkxP9SyPeHaf7uQC/GPFY6L/OWy9+bd9AwcjOAWQwxRscoEyAUD8qCY5o5iL4jqQwoLk2kaTKJPb/HwzQ=="
  "resolved" "https://registry.npmjs.org/@rollup/pluginutils/-/pluginutils-4.1.2.tgz"
  "version" "4.1.2"
  dependencies:
    "estree-walker" "^2.0.1"
    "picomatch" "^2.2.2"

"@stitches/core@1.2.5":
  "integrity" "sha512-E2N+Y2bKK7YS+J0kyORduGSwZMQsztYZAp3G/6Hgl2smA+Zzugwfuhc7sAYscdY3ShRf4gvHueNmO2vX+uLB4Q=="
  "resolved" "https://registry.npmjs.org/@stitches/core/-/core-1.2.5.tgz"
  "version" "1.2.5"

"@types/node@16.9.6":
  "integrity" "sha512-YHUZhBOMTM3mjFkXVcK+WwAcYmyhe1wL4lfqNtzI0b3qAy7yuSetnM7QJazgE5PFmgVTNGiLOgRFfJMqW7XpSQ=="
  "resolved" "https://registry.npmjs.org/@types/node/-/node-16.9.6.tgz"
  "version" "16.9.6"

"@types/tinycolor2@1.4.3":
  "integrity" "sha512-Kf1w9NE5HEgGxCRyIcRXR/ZYtDv0V8FVPtYHwLxl0O+maGX0erE77pQlD0gpP+/KByMZ87mOA79SjifhSB3PjQ=="
  "resolved" "https://registry.npmjs.org/@types/tinycolor2/-/tinycolor2-1.4.3.tgz"
  "version" "1.4.3"

"bob-esbuild-cli@^3.0.1":
  "integrity" "sha512-YpR8vEBqdiG+IVrgJA3hdIJnh1P6KKxDFO6RTXbbnhjGSmv9k7h4K86PKfCG6cKWJ9zkaE8iDF+i6T0pUfnI9A=="
  "resolved" "https://registry.npmjs.org/bob-esbuild-cli/-/bob-esbuild-cli-3.0.1.tgz"
  "version" "3.0.1"
  dependencies:
    "commander" "^8.3.0"

"bob-esbuild-plugin@3.1.2":
  "integrity" "sha512-VGEu9yDLioxu/+YyN4pMCcDFpdq14etAZkgAC5dmmCpEw3xVTqObr2F3BQs+piJWi/2drzgz15oBw7+U+2IcaA=="
  "resolved" "https://registry.npmjs.org/bob-esbuild-plugin/-/bob-esbuild-plugin-3.1.2.tgz"
  "version" "3.1.2"
  dependencies:
    "@rollup/pluginutils" "^4.1.2"

"bob-esbuild@^3.1.1":
  "integrity" "sha512-/b0YYwncLQSA7Bfpi34m9cm5jVUseJRqbtBACkAWUQ/pTBrfy5pEAd2Hm21YaLNSJG57Cgd0sAEjDHoqmGZbFA=="
  "resolved" "https://registry.npmjs.org/bob-esbuild/-/bob-esbuild-3.2.1.tgz"
  "version" "3.2.1"
  dependencies:
    "bob-esbuild-plugin" "3.1.2"
    "rollup" "^2.61.1"

"buffer-from@^1.0.0":
  "integrity" "sha512-E+XQCRwSbaaiChtv6k6Dwgc+bx+Bs6vuKJHHl5kox/BaKbhiXzqQOwK4cO22yElGp2OCmjwVhT3HmxgyPGnJfQ=="
  "resolved" "https://registry.npmjs.org/buffer-from/-/buffer-from-1.1.2.tgz"
  "version" "1.1.2"

"commander@^8.3.0":
  "integrity" "sha512-OkTL9umf+He2DZkUq8f8J9of7yL6RJKI24dVITBmNfZBmri9zYZQrKkuXiKhyfPSu8tUhnVBB1iKXevvnlR4Ww=="
  "resolved" "https://registry.npmjs.org/commander/-/commander-8.3.0.tgz"
  "version" "8.3.0"

"esbuild-darwin-64@0.13.15":
  "integrity" "sha512-ihOQRGs2yyp7t5bArCwnvn2Atr6X4axqPpEdCFPVp7iUj4cVSdisgvEKdNR7yH3JDjW6aQDw40iQFoTqejqxvQ=="
  "resolved" "https://registry.npmjs.org/esbuild-darwin-64/-/esbuild-darwin-64-0.13.15.tgz"
  "version" "0.13.15"

"esbuild@^0.11.20":
  "integrity" "sha512-iaiZZ9vUF5wJV8ob1tl+5aJTrwDczlvGP0JoMmnpC2B0ppiMCu8n8gmy5ZTGl5bcG081XBVn+U+jP+mPFm5T5Q=="
  "resolved" "https://registry.npmjs.org/esbuild/-/esbuild-0.11.23.tgz"
  "version" "0.11.23"

"esbuild@^0.13.13", "esbuild@>=0.13.14":
  "integrity" "sha512-raCxt02HBKv8RJxE8vkTSCXGIyKHdEdGfUmiYb8wnabnaEmHzyW7DCHb5tEN0xU8ryqg5xw54mcwnYkC4x3AIw=="
  "resolved" "https://registry.npmjs.org/esbuild/-/esbuild-0.13.15.tgz"
  "version" "0.13.15"
  optionalDependencies:
    "esbuild-android-arm64" "0.13.15"
    "esbuild-darwin-64" "0.13.15"
    "esbuild-darwin-arm64" "0.13.15"
    "esbuild-freebsd-64" "0.13.15"
    "esbuild-freebsd-arm64" "0.13.15"
    "esbuild-linux-32" "0.13.15"
    "esbuild-linux-64" "0.13.15"
    "esbuild-linux-arm" "0.13.15"
    "esbuild-linux-arm64" "0.13.15"
    "esbuild-linux-mips64le" "0.13.15"
    "esbuild-linux-ppc64le" "0.13.15"
    "esbuild-netbsd-64" "0.13.15"
    "esbuild-openbsd-64" "0.13.15"
    "esbuild-sunos-64" "0.13.15"
    "esbuild-windows-32" "0.13.15"
    "esbuild-windows-64" "0.13.15"
    "esbuild-windows-arm64" "0.13.15"

"estree-walker@^2.0.1":
  "integrity" "sha512-Rfkk/Mp/DL7JVje3u18FxFujQlTNR2q6QfMSMB7AvCBx91NGj/ba3kCfza0f6dVDbw7YlRf/nDrn7pQrCCyQ/w=="
  "resolved" "https://registry.npmjs.org/estree-walker/-/estree-walker-2.0.2.tgz"
  "version" "2.0.2"

"fsevents@~2.3.2":
  "integrity" "sha512-xiqMQR4xAeHTuB9uWm+fFRcIOgKBMiOBP+eXiyT7jsgVCq1bkVygt00oASowB7EdtpOHaaPgKt812P9ab+DDKA=="
  "resolved" "https://registry.npmjs.org/fsevents/-/fsevents-2.3.2.tgz"
  "version" "2.3.2"

"picomatch@^2.2.2":
  "integrity" "sha512-lY1Q/PiJGC2zOv/z391WOTD+Z02bCgsFfvxoXXf6h7kv9o+WmsmzYqrAwY63sNgOxE4xEdq0WyUnXfKeBrSvYw=="
  "resolved" "https://registry.npmjs.org/picomatch/-/picomatch-2.3.0.tgz"
  "version" "2.3.0"

"prettier@2.4.1":
  "integrity" "sha512-9fbDAXSBcc6Bs1mZrDYb3XKzDLm4EXXL9sC1LqKP5rZkT6KRr/rf9amVUcODVXgguK/isJz0d0hP72WeaKWsvA=="
  "resolved" "https://registry.npmjs.org/prettier/-/prettier-2.4.1.tgz"
  "version" "2.4.1"

"rollup@*", "rollup@^2.61.1":
  "integrity" "sha512-BbTXlEvB8d+XFbK/7E5doIcRtxWPRiqr0eb5vQ0+2paMM04Ye4PZY5nHOQef2ix24l/L0SpLd5hwcH15QHPdvA=="
  "resolved" "https://registry.npmjs.org/rollup/-/rollup-2.61.1.tgz"
  "version" "2.61.1"
  optionalDependencies:
    "fsevents" "~2.3.2"

"source-map-support@^0.5.19":
  "integrity" "sha512-uBHU3L3czsIyYXKX88fdrGovxdSCoTGDRZ6SYXtSRxLZUzHg5P/66Ht6uoUlHu9EZod+inXhKo3qQgwXUT/y1w=="
  "resolved" "https://registry.npmjs.org/source-map-support/-/source-map-support-0.5.21.tgz"
  "version" "0.5.21"
  dependencies:
    "buffer-from" "^1.0.0"
    "source-map" "^0.6.0"

"source-map@^0.6.0":
  "integrity" "sha512-UjgapumWlbMhkBgzT7Ykc5YXUT46F0iKu8SGXq0bcwP5dz/h0Plj6enJqjz1Zbq2l5WaqYnrVbwWOWMyF3F47g=="
  "resolved" "https://registry.npmjs.org/source-map/-/source-map-0.6.1.tgz"
  "version" "0.6.1"

"tinycolor2@1.4.2":
  "integrity" "sha512-vJhccZPs965sV/L2sU4oRQVAos0pQXwsvTLkWYdqJ+a8Q5kPFzJTuOFwy7UniPli44NKQGAglksjvOcpo95aZA=="
  "resolved" "https://registry.npmjs.org/tinycolor2/-/tinycolor2-1.4.2.tgz"
  "version" "1.4.2"

"ts-eager@2.0.2":
  "integrity" "sha512-xzFPL2z7mgLs0brZXaIHTm91Pjl/Cuu9AMKprgSuK+kIS2LjiG8fqqg4eqz3tgBy9OIdupb9w55pr7ea3JBB+Q=="
  "resolved" "https://registry.npmjs.org/ts-eager/-/ts-eager-2.0.2.tgz"
  "version" "2.0.2"
  dependencies:
    "esbuild" "^0.11.20"
    "source-map-support" "^0.5.19"

"typescript@*", "typescript@4.4.3":
  "integrity" "sha512-4xfscpisVgqqDfPaJo5vkd+Qd/ItkoagnHpufr+i2QCHBsNYp+G7UAoyFl8aPtx879u38wPV65rZ8qbGZijalA=="
  "resolved" "https://registry.npmjs.org/typescript/-/typescript-4.4.3.tgz"
  "version" "4.4.3"
