{
	"name": "@wwwr/metamask",
	"version": "8.1.1",
	"lockfileVersion": 2,
	"requires": true,
	"packages": {
		"": {
			"name": "@wwwr/metamask",
			"version": "8.1.1",
			"dependencies": {
				"@metamask/detect-provider": "^1.2.0"
			}
		},
		"node_modules/@metamask/detect-provider": {
			"version": "1.2.0",
			"resolved": "https://registry.npmjs.org/@metamask/detect-provider/-/detect-provider-1.2.0.tgz",
			"integrity": "sha512-ocA76vt+8D0thgXZ7LxFPyqw3H7988qblgzddTDA6B8a/yU0uKV42QR/DhA+Jh11rJjxW0jKvwb5htA6krNZDQ==",
			"engines": {
				"node": ">= 10"
			}
		}
	},
	"dependencies": {
		"@metamask/detect-provider": {
			"version": "1.2.0",
			"resolved": "https://registry.npmjs.org/@metamask/detect-provider/-/detect-provider-1.2.0.tgz",
			"integrity": "sha512-ocA76vt+8D0thgXZ7LxFPyqw3H7988qblgzddTDA6B8a/yU0uKV42QR/DhA+Jh11rJjxW0jKvwb5htA6krNZDQ=="
		}
	}
}
